
Microsoft Visual Studio Solution File, Format Version 12.00
# Visual Studio Version 16
VisualStudioVersion = 16.0.32106.194
MinimumVisualStudioVersion = 10.0.40219.1
Project("{FAE04EC0-301F-11D3-BF4B-00C04F79EFBC}") = "Functions", "Functions\Functions.csproj", "{DE523E22-4F71-439F-B023-8038F0B05D1A}"
EndProject
Project("{FAE04EC0-301F-11D3-BF4B-00C04F79EFBC}") = "UserNameData", "UserNameData\UserNameData.csproj", "{36889CE7-F81C-4D54-87CB-908E0A8B253A}"
EndProject
Project("{FAE04EC0-301F-11D3-BF4B-00C04F79EFBC}") = "UserNameDataTask", "UserNameDataTask\UserNameDataTask.csproj", "{3BD2F625-A5C6-4A05-BA69-43556416F49A}"
EndProject
Global
	GlobalSection(SolutionConfigurationPlatforms) = preSolution
		Debug|Any CPU = Debug|Any CPU
		Release|Any CPU = Release|Any CPU
	EndGlobalSection
	GlobalSection(ProjectConfigurationPlatforms) = postSolution
		{DE523E22-4F71-439F-B023-8038F0B05D1A}.Debug|Any CPU.ActiveCfg = Debug|Any CPU
		{DE523E22-4F71-439F-B023-8038F0B05D1A}.Debug|Any CPU.Build.0 = Debug|Any CPU
		{DE523E22-4F71-439F-B023-8038F0B05D1A}.Release|Any CPU.ActiveCfg = Release|Any CPU
		{DE523E22-4F71-439F-B023-8038F0B05D1A}.Release|Any CPU.Build.0 = Release|Any CPU
		{36889CE7-F81C-4D54-87CB-908E0A8B253A}.Debug|Any CPU.ActiveCfg = Debug|Any CPU
		{36889CE7-F81C-4D54-87CB-908E0A8B253A}.Debug|Any CPU.Build.0 = Debug|Any CPU
		{36889CE7-F81C-4D54-87CB-908E0A8B253A}.Release|Any CPU.ActiveCfg = Release|Any CPU
		{36889CE7-F81C-4D54-87CB-908E0A8B253A}.Release|Any CPU.Build.0 = Release|Any CPU
		{3BD2F625-A5C6-4A05-BA69-43556416F49A}.Debug|Any CPU.ActiveCfg = Debug|Any CPU
		{3BD2F625-A5C6-4A05-BA69-43556416F49A}.Debug|Any CPU.Build.0 = Debug|Any CPU
		{3BD2F625-A5C6-4A05-BA69-43556416F49A}.Release|Any CPU.ActiveCfg = Release|Any CPU
		{3BD2F625-A5C6-4A05-BA69-43556416F49A}.Release|Any CPU.Build.0 = Release|Any CPU
	EndGlobalSection
	GlobalSection(SolutionProperties) = preSolution
		HideSolutionNode = FALSE
	EndGlobalSection
	GlobalSection(ExtensibilityGlobals) = postSolution
		SolutionGuid = {8940307A-D919-4706-9225-F5086CD991D0}
	EndGlobalSection
EndGlobal
